
Microsoft Visual Studio Solution File, Format Version 12.00
# Visual Studio Version 17
VisualStudioVersion = 17.8.34525.116
MinimumVisualStudioVersion = 10.0.40219.1
Project("{E24C65DC-7377-472B-9ABA-BC803B73C61A}") = "STARReader", ".", "{FE9DAE26-F192-475F-B123-2E510AF76638}"
	ProjectSection(WebsiteProperties) = preProject
		TargetFrameworkMoniker = ".NETFramework,Version%3Dv4.7.2"
		Debug.AspNetCompiler.VirtualPath = "/localhost_54877"
		Debug.AspNetCompiler.PhysicalPath = "..\STARReader\"
		Debug.AspNetCompiler.TargetPath = "PrecompiledWeb\localhost_54877\"
		Debug.AspNetCompiler.Updateable = "true"
		Debug.AspNetCompiler.ForceOverwrite = "true"
		Debug.AspNetCompiler.FixedNames = "false"
		Debug.AspNetCompiler.Debug = "True"
		Release.AspNetCompiler.VirtualPath = "/localhost_54877"
		Release.AspNetCompiler.PhysicalPath = "..\STARReader\"
		Release.AspNetCompiler.TargetPath = "PrecompiledWeb\localhost_54877\"
		Release.AspNetCompiler.Updateable = "true"
		Release.AspNetCompiler.ForceOverwrite = "true"
		Release.AspNetCompiler.FixedNames = "false"
		Release.AspNetCompiler.Debug = "False"
		VWDPort = "54877"
		DefaultWebSiteLanguage = "Visual C#"
	EndProjectSection
EndProject
Global
	GlobalSection(SolutionConfigurationPlatforms) = preSolution
		Debug|Any CPU = Debug|Any CPU
	EndGlobalSection
	GlobalSection(ProjectConfigurationPlatforms) = postSolution
		{FE9DAE26-F192-475F-B123-2E510AF76638}.Debug|Any CPU.ActiveCfg = Debug|Any CPU
		{FE9DAE26-F192-475F-B123-2E510AF76638}.Debug|Any CPU.Build.0 = Debug|Any CPU
	EndGlobalSection
	GlobalSection(SolutionProperties) = preSolution
		HideSolutionNode = FALSE
	EndGlobalSection
	GlobalSection(ExtensibilityGlobals) = postSolution
		SolutionGuid = {28FD79B6-6E84-4D64-BC9B-20E5BE1E5E78}
	EndGlobalSection
EndGlobal
